// !$*UTF8*$!
{
	archiveVersion = 1;
	classes = {
	};
	objectVersion = 56;
	objects = {

/* Begin PBXBuildFile section */
		84FA09692A303AA6005C3684 /* AnimatedHeaderApp.swift in Sources */ = {isa = PBXBuildFile; fileRef = 84FA09682A303AA6005C3684 /* AnimatedHeaderApp.swift */; };
		84FA096B2A303AA6005C3684 /* ContentView.swift in Sources */ = {isa = PBXBuildFile; fileRef = 84FA096A2A303AA6005C3684 /* ContentView.swift */; };
		84FA096D2A303AA8005C3684 /* Assets.xcassets in Resources */ = {isa = PBXBuildFile; fileRef = 84FA096C2A303AA8005C3684 /* Assets.xcassets */; };
		84FA09702A303AA8005C3684 /* Preview Assets.xcassets in Resources */ = {isa = PBXBuildFile; fileRef = 84FA096F2A303AA8005C3684 /* Preview Assets.xcassets */; };
		84FA09792A303BCE005C3684 /* HomeView.swift in Sources */ = {isa = PBXBuildFile; fileRef = 84FA09782A303BCE005C3684 /* HomeView.swift */; };
		84FA097B2A303BE6005C3684 /* HeaderView.swift in Sources */ = {isa = PBXBuildFile; fileRef = 84FA097A2A303BE6005C3684 /* HeaderView.swift */; };
		84FA097D2A303C2B005C3684 /* HeaderViewModel.swift in Sources */ = {isa = PBXBuildFile; fileRef = 84FA097C2A303C2B005C3684 /* HeaderViewModel.swift */; };
		84FA097F2A3072C2005C3684 /* ScrollViewOffset.swift in Sources */ = {isa = PBXBuildFile; fileRef = 84FA097E2A3072C2005C3684 /* ScrollViewOffset.swift */; };
/* End PBXBuildFile section */

/* Begin PBXFileReference section */
		84FA09652A303AA6005C3684 /* AnimatedHeader.app */ = {isa = PBXFileReference; explicitFileType = wrapper.application; includeInIndex = 0; path = AnimatedHeader.app; sourceTree = BUILT_PRODUCTS_DIR; };
		84FA09682A303AA6005C3684 /* AnimatedHeaderApp.swift */ = {isa = PBXFileReference; lastKnownFileType = sourcecode.swift; path = AnimatedHeaderApp.swift; sourceTree = "<group>"; };
		84FA096A2A303AA6005C3684 /* ContentView.swift */ = {isa = PBXFileReference; lastKnownFileType = sourcecode.swift; path = ContentView.swift; sourceTree = "<group>"; };
		84FA096C2A303AA8005C3684 /* Assets.xcassets */ = {isa = PBXFileReference; lastKnownFileType = folder.assetcatalog; path = Assets.xcassets; sourceTree = "<group>"; };
		84FA096F2A303AA8005C3684 /* Preview Assets.xcassets */ = {isa = PBXFileReference; lastKnownFileType = folder.assetcatalog; path = "Preview Assets.xcassets"; sourceTree = "<group>"; };
		84FA09782A303BCE005C3684 /* HomeView.swift */ = {isa = PBXFileReference; lastKnownFileType = sourcecode.swift; path = HomeView.swift; sourceTree = "<group>"; };
		84FA097A2A303BE6005C3684 /* HeaderView.swift */ = {isa = PBXFileReference; lastKnownFileType = sourcecode.swift; path = HeaderView.swift; sourceTree = "<group>"; };
		84FA097C2A303C2B005C3684 /* HeaderViewModel.swift */ = {isa = PBXFileReference; lastKnownFileType = sourcecode.swift; path = HeaderViewModel.swift; sourceTree = "<group>"; };
		84FA097E2A3072C2005C3684 /* ScrollViewOffset.swift */ = {isa = PBXFileReference; lastKnownFileType = sourcecode.swift; path = ScrollViewOffset.swift; sourceTree = "<group>"; };
/* End PBXFileReference section */

/* Begin PBXFrameworksBuildPhase section */
		84FA09622A303AA6005C3684 /* Frameworks */ = {
			isa = PBXFrameworksBuildPhase;
			buildActionMask = 2147483647;
			files = (
			);
			runOnlyForDeploymentPostprocessing = 0;
		};
/* End PBXFrameworksBuildPhase section */

/* Begin PBXGroup section */
		84FA095C2A303AA6005C3684 = {
			isa = PBXGroup;
			children = (
				84FA09672A303AA6005C3684 /* AnimatedHeader */,
				84FA09662A303AA6005C3684 /* Products */,
			);
			sourceTree = "<group>";
		};
		84FA09662A303AA6005C3684 /* Products */ = {
			isa = PBXGroup;
			children = (
				84FA09652A303AA6005C3684 /* AnimatedHeader.app */,
			);
			name = Products;
			sourceTree = "<group>";
		};
		84FA09672A303AA6005C3684 /* AnimatedHeader */ = {
			isa = PBXGroup;
			children = (
				84FA09772A303BB9005C3684 /* ViewModel */,
				84FA09762A303BB2005C3684 /* View */,
				84FA09682A303AA6005C3684 /* AnimatedHeaderApp.swift */,
				84FA096A2A303AA6005C3684 /* ContentView.swift */,
				84FA096C2A303AA8005C3684 /* Assets.xcassets */,
				84FA096E2A303AA8005C3684 /* Preview Content */,
			);
			path = AnimatedHeader;
			sourceTree = "<group>";
		};
		84FA096E2A303AA8005C3684 /* Preview Content */ = {
			isa = PBXGroup;
			children = (
				84FA096F2A303AA8005C3684 /* Preview Assets.xcassets */,
			);
			path = "Preview Content";
			sourceTree = "<group>";
		};
		84FA09762A303BB2005C3684 /* View */ = {
			isa = PBXGroup;
			children = (
				84FA09782A303BCE005C3684 /* HomeView.swift */,
				84FA097E2A3072C2005C3684 /* ScrollViewOffset.swift */,
				84FA097A2A303BE6005C3684 /* HeaderView.swift */,
			);
			path = View;
			sourceTree = "<group>";
		};
		84FA09772A303BB9005C3684 /* ViewModel */ = {
			isa = PBXGroup;
			children = (
				84FA097C2A303C2B005C3684 /* HeaderViewModel.swift */,
			);
			path = ViewModel;
			sourceTree = "<group>";
		};
/* End PBXGroup section */

/* Begin PBXNativeTarget section */
		84FA09642A303AA6005C3684 /* AnimatedHeader */ = {
			isa = PBXNativeTarget;
			buildConfigurationList = 84FA09732A303AA8005C3684 /* Build configuration list for PBXNativeTarget "AnimatedHeader" */;
			buildPhases = (
				84FA09612A303AA6005C3684 /* Sources */,
				84FA09622A303AA6005C3684 /* Frameworks */,
				84FA09632A303AA6005C3684 /* Resources */,
			);
			buildRules = (
			);
			dependencies = (
			);
			name = AnimatedHeader;
			productName = AnimatedHeader;
			productReference = 84FA09652A303AA6005C3684 /* AnimatedHeader.app */;
			productType = "com.apple.product-type.application";
		};
/* End PBXNativeTarget section */

/* Begin PBXProject section */
		84FA095D2A303AA6005C3684 /* Project object */ = {
			isa = PBXProject;
			attributes = {
				BuildIndependentTargetsInParallel = 1;
				LastSwiftUpdateCheck = 1430;
				LastUpgradeCheck = 1430;
				TargetAttributes = {
					84FA09642A303AA6005C3684 = {
						CreatedOnToolsVersion = 14.3.1;
					};
				};
			};
			buildConfigurationList = 84FA09602A303AA6005C3684 /* Build configuration list for PBXProject "AnimatedHeader" */;
			compatibilityVersion = "Xcode 14.0";
			developmentRegion = en;
			hasScannedForEncodings = 0;
			knownRegions = (
				en,
				Base,
			);
			mainGroup = 84FA095C2A303AA6005C3684;
			productRefGroup = 84FA09662A303AA6005C3684 /* Products */;
			projectDirPath = "";
			projectRoot = "";
			targets = (
				84FA09642A303AA6005C3684 /* AnimatedHeader */,
			);
		};
/* End PBXProject section */

/* Begin PBXResourcesBuildPhase section */
		84FA09632A303AA6005C3684 /* Resources */ = {
			isa = PBXResourcesBuildPhase;
			buildActionMask = 2147483647;
			files = (
				84FA09702A303AA8005C3684 /* Preview Assets.xcassets in Resources */,
				84FA096D2A303AA8005C3684 /* Assets.xcassets in Resources */,
			);
			runOnlyForDeploymentPostprocessing = 0;
		};
/* End PBXResourcesBuildPhase section */

/* Begin PBXSourcesBuildPhase section */
		84FA09612A303AA6005C3684 /* Sources */ = {
			isa = PBXSourcesBuildPhase;
			buildActionMask = 2147483647;
			files = (
				84FA09792A303BCE005C3684 /* HomeView.swift in Sources */,
				84FA097D2A303C2B005C3684 /* HeaderViewModel.swift in Sources */,
				84FA096B2A303AA6005C3684 /* ContentView.swift in Sources */,
				84FA09692A303AA6005C3684 /* AnimatedHeaderApp.swift in Sources */,
				84FA097F2A3072C2005C3684 /* ScrollViewOffset.swift in Sources */,
				84FA097B2A303BE6005C3684 /* HeaderView.swift in Sources */,
			);
			runOnlyForDeploymentPostprocessing = 0;
		};
/* End PBXSourcesBuildPhase section */

/* Begin XCBuildConfiguration section */
		84FA09712A303AA8005C3684 /* Debug */ = {
			isa = XCBuildConfiguration;
			buildSettings = {
				ALWAYS_SEARCH_USER_PATHS = NO;
				CLANG_ANALYZER_NONNULL = YES;
				CLANG_ANALYZER_NUMBER_OBJECT_CONVERSION = YES_AGGRESSIVE;
				CLANG_CXX_LANGUAGE_STANDARD = "gnu++20";
				CLANG_ENABLE_MODULES = YES;
				CLANG_ENABLE_OBJC_ARC = YES;
				CLANG_ENABLE_OBJC_WEAK = YES;
				CLANG_WARN_BLOCK_CAPTURE_AUTORELEASING = YES;
				CLANG_WARN_BOOL_CONVERSION = YES;
				CLANG_WARN_COMMA = YES;
				CLANG_WARN_CONSTANT_CONVERSION = YES;
				CLANG_WARN_DEPRECATED_OBJC_IMPLEMENTATIONS = YES;
				CLANG_WARN_DIRECT_OBJC_ISA_USAGE = YES_ERROR;
				CLANG_WARN_DOCUMENTATION_COMMENTS = YES;
				CLANG_WARN_EMPTY_BODY = YES;
				CLANG_WARN_ENUM_CONVERSION = YES;
				CLANG_WARN_INFINITE_RECURSION = YES;
				CLANG_WARN_INT_CONVERSION = YES;
				CLANG_WARN_NON_LITERAL_NULL_CONVERSION = YES;
				CLANG_WARN_OBJC_IMPLICIT_RETAIN_SELF = YES;
				CLANG_WARN_OBJC_LITERAL_CONVERSION = YES;
				CLANG_WARN_OBJC_ROOT_CLASS = YES_ERROR;
				CLANG_WARN_QUOTED_INCLUDE_IN_FRAMEWORK_HEADER = YES;
				CLANG_WARN_RANGE_LOOP_ANALYSIS = YES;
				CLANG_WARN_STRICT_PROTOTYPES = YES;
				CLANG_WARN_SUSPICIOUS_MOVE = YES;
				CLANG_WARN_UNGUARDED_AVAILABILITY = YES_AGGRESSIVE;
				CLANG_WARN_UNREACHABLE_CODE = YES;
				CLANG_WARN__DUPLICATE_METHOD_MATCH = YES;
				COPY_PHASE_STRIP = NO;
				DEBUG_INFORMATION_FORMAT = dwarf;
				ENABLE_STRICT_OBJC_MSGSEND = YES;
				ENABLE_TESTABILITY = YES;
				GCC_C_LANGUAGE_STANDARD = gnu11;
				GCC_DYNAMIC_NO_PIC = NO;
				GCC_NO_COMMON_BLOCKS = YES;
				GCC_OPTIMIZATION_LEVEL = 0;
				GCC_PREPROCESSOR_DEFINITIONS = (
					"DEBUG=1",
					"$(inherited)",
				);
				GCC_WARN_64_TO_32_BIT_CONVERSION = YES;
				GCC_WARN_ABOUT_RETURN_TYPE = YES_ERROR;
				GCC_WARN_UNDECLARED_SELECTOR = YES;
				GCC_WARN_UNINITIALIZED_AUTOS = YES_AGGRESSIVE;
				GCC_WARN_UNUSED_FUNCTION = YES;
				GCC_WARN_UNUSED_VARIABLE = YES;
				IPHONEOS_DEPLOYMENT_TARGET = 14.0;
				MTL_ENABLE_DEBUG_INFO = INCLUDE_SOURCE;
				MTL_FAST_MATH = YES;
				ONLY_ACTIVE_ARCH = YES;
				SDKROOT = iphoneos;
				SWIFT_ACTIVE_COMPILATION_CONDITIONS = DEBUG;
				SWIFT_OPTIMIZATION_LEVEL = "-Onone";
			};
			name = Debug;
		};
		84FA09722A303AA8005C3684 /* Release */ = {
			isa = XCBuildConfiguration;
			buildSettings = {
				ALWAYS_SEARCH_USER_PATHS = NO;
				CLANG_ANALYZER_NONNULL = YES;
				CLANG_ANALYZER_NUMBER_OBJECT_CONVERSION = YES_AGGRESSIVE;
				CLANG_CXX_LANGUAGE_STANDARD = "gnu++20";
				CLANG_ENABLE_MODULES = YES;
				CLANG_ENABLE_OBJC_ARC = YES;
				CLANG_ENABLE_OBJC_WEAK = YES;
				CLANG_WARN_BLOCK_CAPTURE_AUTORELEASING = YES;
				CLANG_WARN_BOOL_CONVERSION = YES;
				CLANG_WARN_COMMA = YES;
				CLANG_WARN_CONSTANT_CONVERSION = YES;
				CLANG_WARN_DEPRECATED_OBJC_IMPLEMENTATIONS = YES;
				CLANG_WARN_DIRECT_OBJC_ISA_USAGE = YES_ERROR;
				CLANG_WARN_DOCUMENTATION_COMMENTS = YES;
				CLANG_WARN_EMPTY_BODY = YES;
				CLANG_WARN_ENUM_CONVERSION = YES;
				CLANG_WARN_INFINITE_RECURSION = YES;
				CLANG_WARN_INT_CONVERSION = YES;
				CLANG_WARN_NON_LITERAL_NULL_CONVERSION = YES;
				CLANG_WARN_OBJC_IMPLICIT_RETAIN_SELF = YES;
				CLANG_WARN_OBJC_LITERAL_CONVERSION = YES;
				CLANG_WARN_OBJC_ROOT_CLASS = YES_ERROR;
				CLANG_WARN_QUOTED_INCLUDE_IN_FRAMEWORK_HEADER = YES;
				CLANG_WARN_RANGE_LOOP_ANALYSIS = YES;
				CLANG_WARN_STRICT_PROTOTYPES = YES;
				CLANG_WARN_SUSPICIOUS_MOVE = YES;
				CLANG_WARN_UNGUARDED_AVAILABILITY = YES_AGGRESSIVE;
				CLANG_WARN_UNREACHABLE_CODE = YES;
				CLANG_WARN__DUPLICATE_METHOD_MATCH = YES;
				COPY_PHASE_STRIP = NO;
				DEBUG_INFORMATION_FORMAT = "dwarf-with-dsym";
				ENABLE_NS_ASSERTIONS = NO;
				ENABLE_STRICT_OBJC_MSGSEND = YES;
				GCC_C_LANGUAGE_STANDARD = gnu11;
				GCC_NO_COMMON_BLOCKS = YES;
				GCC_WARN_64_TO_32_BIT_CONVERSION = YES;
				GCC_WARN_ABOUT_RETURN_TYPE = YES_ERROR;
				GCC_WARN_UNDECLARED_SELECTOR = YES;
				GCC_WARN_UNINITIALIZED_AUTOS = YES_AGGRESSIVE;
				GCC_WARN_UNUSED_FUNCTION = YES;
				GCC_WARN_UNUSED_VARIABLE = YES;
				IPHONEOS_DEPLOYMENT_TARGET = 14.0;
				MTL_ENABLE_DEBUG_INFO = NO;
				MTL_FAST_MATH = YES;
				SDKROOT = iphoneos;
				SWIFT_COMPILATION_MODE = wholemodule;
				SWIFT_OPTIMIZATION_LEVEL = "-O";
				VALIDATE_PRODUCT = YES;
			};
			name = Release;
		};
		84FA09742A303AA8005C3684 /* Debug */ = {
			isa = XCBuildConfiguration;
			buildSettings = {
				ASSETCATALOG_COMPILER_APPICON_NAME = AppIcon;
				ASSETCATALOG_COMPILER_GLOBAL_ACCENT_COLOR_NAME = AccentColor;
				CODE_SIGN_STYLE = Automatic;
				CURRENT_PROJECT_VERSION = 1;
				DEVELOPMENT_ASSET_PATHS = "\"AnimatedHeader/Preview Content\"";
				DEVELOPMENT_TEAM = XP3H66JF79;
				ENABLE_PREVIEWS = YES;
				GENERATE_INFOPLIST_FILE = YES;
				INFOPLIST_KEY_UIApplicationSceneManifest_Generation = YES;
				INFOPLIST_KEY_UIApplicationSupportsIndirectInputEvents = YES;
				INFOPLIST_KEY_UILaunchScreen_Generation = YES;
				INFOPLIST_KEY_UISupportedInterfaceOrientations_iPad = "UIInterfaceOrientationPortrait UIInterfaceOrientationPortraitUpsideDown UIInterfaceOrientationLandscapeLeft UIInterfaceOrientationLandscapeRight";
				INFOPLIST_KEY_UISupportedInterfaceOrientations_iPhone = "UIInterfaceOrientationPortrait UIInterfaceOrientationLandscapeLeft UIInterfaceOrientationLandscapeRight";
				LD_RUNPATH_SEARCH_PATHS = (
					"$(inherited)",
					"@executable_path/Frameworks",
				);
				MARKETING_VERSION = 1.0;
				PRODUCT_BUNDLE_IDENTIFIER = com.sidus.link.AnimatedHeader;
				PRODUCT_NAME = "$(TARGET_NAME)";
				SWIFT_EMIT_LOC_STRINGS = YES;
				SWIFT_VERSION = 5.0;
				TARGETED_DEVICE_FAMILY = "1,2";
			};
			name = Debug;
		};
		84FA09752A303AA8005C3684 /* Release */ = {
			isa = XCBuildConfiguration;
			buildSettings = {
				ASSETCATALOG_COMPILER_APPICON_NAME = AppIcon;
				ASSETCATALOG_COMPILER_GLOBAL_ACCENT_COLOR_NAME = AccentColor;
				CODE_SIGN_STYLE = Automatic;
				CURRENT_PROJECT_VERSION = 1;
				DEVELOPMENT_ASSET_PATHS = "\"AnimatedHeader/Preview Content\"";
				DEVELOPMENT_TEAM = XP3H66JF79;
				ENABLE_PREVIEWS = YES;
				GENERATE_INFOPLIST_FILE = YES;
				INFOPLIST_KEY_UIApplicationSceneManifest_Generation = YES;
				INFOPLIST_KEY_UIApplicationSupportsIndirectInputEvents = YES;
				INFOPLIST_KEY_UILaunchScreen_Generation = YES;
				INFOPLIST_KEY_UISupportedInterfaceOrientations_iPad = "UIInterfaceOrientationPortrait UIInterfaceOrientationPortraitUpsideDown UIInterfaceOrientationLandscapeLeft UIInterfaceOrientationLandscapeRight";
				INFOPLIST_KEY_UISupportedInterfaceOrientations_iPhone = "UIInterfaceOrientationPortrait UIInterfaceOrientationLandscapeLeft UIInterfaceOrientationLandscapeRight";
				LD_RUNPATH_SEARCH_PATHS = (
					"$(inherited)",
					"@executable_path/Frameworks",
				);
				MARKETING_VERSION = 1.0;
				PRODUCT_BUNDLE_IDENTIFIER = com.sidus.link.AnimatedHeader;
				PRODUCT_NAME = "$(TARGET_NAME)";
				SWIFT_EMIT_LOC_STRINGS = YES;
				SWIFT_VERSION = 5.0;
				TARGETED_DEVICE_FAMILY = "1,2";
			};
			name = Release;
		};
/* End XCBuildConfiguration section */

/* Begin XCConfigurationList section */
		84FA09602A303AA6005C3684 /* Build configuration list for PBXProject "AnimatedHeader" */ = {
			isa = XCConfigurationList;
			buildConfigurations = (
				84FA09712A303AA8005C3684 /* Debug */,
				84FA09722A303AA8005C3684 /* Release */,
			);
			defaultConfigurationIsVisible = 0;
			defaultConfigurationName = Release;
		};
		84FA09732A303AA8005C3684 /* Build configuration list for PBXNativeTarget "AnimatedHeader" */ = {
			isa = XCConfigurationList;
			buildConfigurations = (
				84FA09742A303AA8005C3684 /* Debug */,
				84FA09752A303AA8005C3684 /* Release */,
			);
			defaultConfigurationIsVisible = 0;
			defaultConfigurationName = Release;
		};
/* End XCConfigurationList section */
	};
	rootObject = 84FA095D2A303AA6005C3684 /* Project object */;
}
