// !$*UTF8*$!
{
	archiveVersion = 1;
	classes = {
	};
	objectVersion = 56;
	objects = {

/* Begin PBXBuildFile section */
		84688F7E2A3C021B0020C687 /* NavigatorDrawerApp.swift in Sources */ = {isa = PBXBuildFile; fileRef = 84688F7D2A3C021B0020C687 /* NavigatorDrawerApp.swift */; };
		84688F802A3C021B0020C687 /* ContentView.swift in Sources */ = {isa = PBXBuildFile; fileRef = 84688F7F2A3C021B0020C687 /* ContentView.swift */; };
		84688F822A3C021E0020C687 /* Assets.xcassets in Resources */ = {isa = PBXBuildFile; fileRef = 84688F812A3C021E0020C687 /* Assets.xcassets */; };
		84688F852A3C021E0020C687 /* Preview Assets.xcassets in Resources */ = {isa = PBXBuildFile; fileRef = 84688F842A3C021E0020C687 /* Preview Assets.xcassets */; };
		84688F8F2A3C02860020C687 /* Drawer.swift in Sources */ = {isa = PBXBuildFile; fileRef = 84688F8E2A3C02860020C687 /* Drawer.swift */; };
		84688F912A3C02910020C687 /* DrawerButton.swift in Sources */ = {isa = PBXBuildFile; fileRef = 84688F902A3C02910020C687 /* DrawerButton.swift */; };
		84688F932A3C04280020C687 /* DrawerViewModel.swift in Sources */ = {isa = PBXBuildFile; fileRef = 84688F922A3C04280020C687 /* DrawerViewModel.swift */; };
		84688F952A3C05100020C687 /* DrawerCloseButton.swift in Sources */ = {isa = PBXBuildFile; fileRef = 84688F942A3C05100020C687 /* DrawerCloseButton.swift */; };
		84688F972A3C0E300020C687 /* CatalogueView.swift in Sources */ = {isa = PBXBuildFile; fileRef = 84688F962A3C0E300020C687 /* CatalogueView.swift */; };
		84688F992A3C0E3B0020C687 /* OrdersView.swift in Sources */ = {isa = PBXBuildFile; fileRef = 84688F982A3C0E3B0020C687 /* OrdersView.swift */; };
		84688F9B2A3C0E450020C687 /* FavouritesView.swift in Sources */ = {isa = PBXBuildFile; fileRef = 84688F9A2A3C0E450020C687 /* FavouritesView.swift */; };
		84688F9F2A3C0E560020C687 /* MineView.swift in Sources */ = {isa = PBXBuildFile; fileRef = 84688F9E2A3C0E560020C687 /* MineView.swift */; };
		84688FA12A3C594C0020C687 /* DetailView.swift in Sources */ = {isa = PBXBuildFile; fileRef = 84688FA02A3C594C0020C687 /* DetailView.swift */; };
		84688FA62A3C5FC40020C687 /* TabCurveShape.swift in Sources */ = {isa = PBXBuildFile; fileRef = 84688FA32A3C5FC40020C687 /* TabCurveShape.swift */; };
		84688FA72A3C5FC40020C687 /* CurveTabBarButton.swift in Sources */ = {isa = PBXBuildFile; fileRef = 84688FA42A3C5FC40020C687 /* CurveTabBarButton.swift */; };
		84688FA82A3C5FC40020C687 /* CurveTabBar.swift in Sources */ = {isa = PBXBuildFile; fileRef = 84688FA52A3C5FC40020C687 /* CurveTabBar.swift */; };
		84A6B2EE2A40514D000459F8 /* LeftView.swift in Sources */ = {isa = PBXBuildFile; fileRef = 84A6B2ED2A40514D000459F8 /* LeftView.swift */; };
/* End PBXBuildFile section */

/* Begin PBXFileReference section */
		84688F7A2A3C021B0020C687 /* NavigatorDrawer.app */ = {isa = PBXFileReference; explicitFileType = wrapper.application; includeInIndex = 0; path = NavigatorDrawer.app; sourceTree = BUILT_PRODUCTS_DIR; };
		84688F7D2A3C021B0020C687 /* NavigatorDrawerApp.swift */ = {isa = PBXFileReference; lastKnownFileType = sourcecode.swift; path = NavigatorDrawerApp.swift; sourceTree = "<group>"; };
		84688F7F2A3C021B0020C687 /* ContentView.swift */ = {isa = PBXFileReference; lastKnownFileType = sourcecode.swift; path = ContentView.swift; sourceTree = "<group>"; };
		84688F812A3C021E0020C687 /* Assets.xcassets */ = {isa = PBXFileReference; lastKnownFileType = folder.assetcatalog; path = Assets.xcassets; sourceTree = "<group>"; };
		84688F842A3C021E0020C687 /* Preview Assets.xcassets */ = {isa = PBXFileReference; lastKnownFileType = folder.assetcatalog; path = "Preview Assets.xcassets"; sourceTree = "<group>"; };
		84688F8E2A3C02860020C687 /* Drawer.swift */ = {isa = PBXFileReference; lastKnownFileType = sourcecode.swift; path = Drawer.swift; sourceTree = "<group>"; };
		84688F902A3C02910020C687 /* DrawerButton.swift */ = {isa = PBXFileReference; lastKnownFileType = sourcecode.swift; path = DrawerButton.swift; sourceTree = "<group>"; };
		84688F922A3C04280020C687 /* DrawerViewModel.swift */ = {isa = PBXFileReference; lastKnownFileType = sourcecode.swift; path = DrawerViewModel.swift; sourceTree = "<group>"; };
		84688F942A3C05100020C687 /* DrawerCloseButton.swift */ = {isa = PBXFileReference; lastKnownFileType = sourcecode.swift; path = DrawerCloseButton.swift; sourceTree = "<group>"; };
		84688F962A3C0E300020C687 /* CatalogueView.swift */ = {isa = PBXFileReference; lastKnownFileType = sourcecode.swift; path = CatalogueView.swift; sourceTree = "<group>"; };
		84688F982A3C0E3B0020C687 /* OrdersView.swift */ = {isa = PBXFileReference; lastKnownFileType = sourcecode.swift; path = OrdersView.swift; sourceTree = "<group>"; };
		84688F9A2A3C0E450020C687 /* FavouritesView.swift */ = {isa = PBXFileReference; lastKnownFileType = sourcecode.swift; path = FavouritesView.swift; sourceTree = "<group>"; };
		84688F9E2A3C0E560020C687 /* MineView.swift */ = {isa = PBXFileReference; lastKnownFileType = sourcecode.swift; path = MineView.swift; sourceTree = "<group>"; };
		84688FA02A3C594C0020C687 /* DetailView.swift */ = {isa = PBXFileReference; lastKnownFileType = sourcecode.swift; path = DetailView.swift; sourceTree = "<group>"; };
		84688FA32A3C5FC40020C687 /* TabCurveShape.swift */ = {isa = PBXFileReference; fileEncoding = 4; lastKnownFileType = sourcecode.swift; name = TabCurveShape.swift; path = ../../../CurvedTabBar/CurvedTabBar/CurvedTab/TabCurveShape.swift; sourceTree = "<group>"; };
		84688FA42A3C5FC40020C687 /* CurveTabBarButton.swift */ = {isa = PBXFileReference; fileEncoding = 4; lastKnownFileType = sourcecode.swift; name = CurveTabBarButton.swift; path = ../../../CurvedTabBar/CurvedTabBar/CurvedTab/CurveTabBarButton.swift; sourceTree = "<group>"; };
		84688FA52A3C5FC40020C687 /* CurveTabBar.swift */ = {isa = PBXFileReference; fileEncoding = 4; lastKnownFileType = sourcecode.swift; name = CurveTabBar.swift; path = ../../../CurvedTabBar/CurvedTabBar/CurvedTab/CurveTabBar.swift; sourceTree = "<group>"; };
		84A6B2ED2A40514D000459F8 /* LeftView.swift */ = {isa = PBXFileReference; lastKnownFileType = sourcecode.swift; path = LeftView.swift; sourceTree = "<group>"; };
/* End PBXFileReference section */

/* Begin PBXFrameworksBuildPhase section */
		84688F772A3C021B0020C687 /* Frameworks */ = {
			isa = PBXFrameworksBuildPhase;
			buildActionMask = 2147483647;
			files = (
			);
			runOnlyForDeploymentPostprocessing = 0;
		};
/* End PBXFrameworksBuildPhase section */

/* Begin PBXGroup section */
		84688F712A3C021B0020C687 = {
			isa = PBXGroup;
			children = (
				84688F7C2A3C021B0020C687 /* NavigatorDrawer */,
				84688F7B2A3C021B0020C687 /* Products */,
			);
			sourceTree = "<group>";
		};
		84688F7B2A3C021B0020C687 /* Products */ = {
			isa = PBXGroup;
			children = (
				84688F7A2A3C021B0020C687 /* NavigatorDrawer.app */,
			);
			name = Products;
			sourceTree = "<group>";
		};
		84688F7C2A3C021B0020C687 /* NavigatorDrawer */ = {
			isa = PBXGroup;
			children = (
				84688FA22A3C5FB70020C687 /* TabBar */,
				84688F8D2A3C02740020C687 /* ViewModel */,
				84688F8C2A3C026A0020C687 /* Drawer */,
				84688F8B2A3C02630020C687 /* View */,
				84688F7D2A3C021B0020C687 /* NavigatorDrawerApp.swift */,
				84688F7F2A3C021B0020C687 /* ContentView.swift */,
				84688F812A3C021E0020C687 /* Assets.xcassets */,
				84688F832A3C021E0020C687 /* Preview Content */,
			);
			path = NavigatorDrawer;
			sourceTree = "<group>";
		};
		84688F832A3C021E0020C687 /* Preview Content */ = {
			isa = PBXGroup;
			children = (
				84688F842A3C021E0020C687 /* Preview Assets.xcassets */,
			);
			path = "Preview Content";
			sourceTree = "<group>";
		};
		84688F8B2A3C02630020C687 /* View */ = {
			isa = PBXGroup;
			children = (
				84688F962A3C0E300020C687 /* CatalogueView.swift */,
				84688F982A3C0E3B0020C687 /* OrdersView.swift */,
				84688F9A2A3C0E450020C687 /* FavouritesView.swift */,
				84688F9E2A3C0E560020C687 /* MineView.swift */,
				84688FA02A3C594C0020C687 /* DetailView.swift */,
				84A6B2ED2A40514D000459F8 /* LeftView.swift */,
			);
			path = View;
			sourceTree = "<group>";
		};
		84688F8C2A3C026A0020C687 /* Drawer */ = {
			isa = PBXGroup;
			children = (
				84688F8E2A3C02860020C687 /* Drawer.swift */,
				84688F902A3C02910020C687 /* DrawerButton.swift */,
				84688F942A3C05100020C687 /* DrawerCloseButton.swift */,
			);
			path = Drawer;
			sourceTree = "<group>";
		};
		84688F8D2A3C02740020C687 /* ViewModel */ = {
			isa = PBXGroup;
			children = (
				84688F922A3C04280020C687 /* DrawerViewModel.swift */,
			);
			path = ViewModel;
			sourceTree = "<group>";
		};
		84688FA22A3C5FB70020C687 /* TabBar */ = {
			isa = PBXGroup;
			children = (
				84688FA52A3C5FC40020C687 /* CurveTabBar.swift */,
				84688FA42A3C5FC40020C687 /* CurveTabBarButton.swift */,
				84688FA32A3C5FC40020C687 /* TabCurveShape.swift */,
			);
			path = TabBar;
			sourceTree = "<group>";
		};
/* End PBXGroup section */

/* Begin PBXNativeTarget section */
		84688F792A3C021B0020C687 /* NavigatorDrawer */ = {
			isa = PBXNativeTarget;
			buildConfigurationList = 84688F882A3C021E0020C687 /* Build configuration list for PBXNativeTarget "NavigatorDrawer" */;
			buildPhases = (
				84688F762A3C021B0020C687 /* Sources */,
				84688F772A3C021B0020C687 /* Frameworks */,
				84688F782A3C021B0020C687 /* Resources */,
			);
			buildRules = (
			);
			dependencies = (
			);
			name = NavigatorDrawer;
			productName = NavigatorDrawer;
			productReference = 84688F7A2A3C021B0020C687 /* NavigatorDrawer.app */;
			productType = "com.apple.product-type.application";
		};
/* End PBXNativeTarget section */

/* Begin PBXProject section */
		84688F722A3C021B0020C687 /* Project object */ = {
			isa = PBXProject;
			attributes = {
				BuildIndependentTargetsInParallel = 1;
				LastSwiftUpdateCheck = 1430;
				LastUpgradeCheck = 1430;
				TargetAttributes = {
					84688F792A3C021B0020C687 = {
						CreatedOnToolsVersion = 14.3.1;
					};
				};
			};
			buildConfigurationList = 84688F752A3C021B0020C687 /* Build configuration list for PBXProject "NavigatorDrawer" */;
			compatibilityVersion = "Xcode 14.0";
			developmentRegion = en;
			hasScannedForEncodings = 0;
			knownRegions = (
				en,
				Base,
			);
			mainGroup = 84688F712A3C021B0020C687;
			productRefGroup = 84688F7B2A3C021B0020C687 /* Products */;
			projectDirPath = "";
			projectRoot = "";
			targets = (
				84688F792A3C021B0020C687 /* NavigatorDrawer */,
			);
		};
/* End PBXProject section */

/* Begin PBXResourcesBuildPhase section */
		84688F782A3C021B0020C687 /* Resources */ = {
			isa = PBXResourcesBuildPhase;
			buildActionMask = 2147483647;
			files = (
				84688F852A3C021E0020C687 /* Preview Assets.xcassets in Resources */,
				84688F822A3C021E0020C687 /* Assets.xcassets in Resources */,
			);
			runOnlyForDeploymentPostprocessing = 0;
		};
/* End PBXResourcesBuildPhase section */

/* Begin PBXSourcesBuildPhase section */
		84688F762A3C021B0020C687 /* Sources */ = {
			isa = PBXSourcesBuildPhase;
			buildActionMask = 2147483647;
			files = (
				84688F802A3C021B0020C687 /* ContentView.swift in Sources */,
				84688F9B2A3C0E450020C687 /* FavouritesView.swift in Sources */,
				84688F8F2A3C02860020C687 /* Drawer.swift in Sources */,
				84688F912A3C02910020C687 /* DrawerButton.swift in Sources */,
				84688F932A3C04280020C687 /* DrawerViewModel.swift in Sources */,
				84688FA12A3C594C0020C687 /* DetailView.swift in Sources */,
				84688F7E2A3C021B0020C687 /* NavigatorDrawerApp.swift in Sources */,
				84688FA72A3C5FC40020C687 /* CurveTabBarButton.swift in Sources */,
				84A6B2EE2A40514D000459F8 /* LeftView.swift in Sources */,
				84688F992A3C0E3B0020C687 /* OrdersView.swift in Sources */,
				84688F9F2A3C0E560020C687 /* MineView.swift in Sources */,
				84688F972A3C0E300020C687 /* CatalogueView.swift in Sources */,
				84688F952A3C05100020C687 /* DrawerCloseButton.swift in Sources */,
				84688FA62A3C5FC40020C687 /* TabCurveShape.swift in Sources */,
				84688FA82A3C5FC40020C687 /* CurveTabBar.swift in Sources */,
			);
			runOnlyForDeploymentPostprocessing = 0;
		};
/* End PBXSourcesBuildPhase section */

/* Begin XCBuildConfiguration section */
		84688F862A3C021E0020C687 /* Debug */ = {
			isa = XCBuildConfiguration;
			buildSettings = {
				ALWAYS_SEARCH_USER_PATHS = NO;
				CLANG_ANALYZER_NONNULL = YES;
				CLANG_ANALYZER_NUMBER_OBJECT_CONVERSION = YES_AGGRESSIVE;
				CLANG_CXX_LANGUAGE_STANDARD = "gnu++20";
				CLANG_ENABLE_MODULES = YES;
				CLANG_ENABLE_OBJC_ARC = YES;
				CLANG_ENABLE_OBJC_WEAK = YES;
				CLANG_WARN_BLOCK_CAPTURE_AUTORELEASING = YES;
				CLANG_WARN_BOOL_CONVERSION = YES;
				CLANG_WARN_COMMA = YES;
				CLANG_WARN_CONSTANT_CONVERSION = YES;
				CLANG_WARN_DEPRECATED_OBJC_IMPLEMENTATIONS = YES;
				CLANG_WARN_DIRECT_OBJC_ISA_USAGE = YES_ERROR;
				CLANG_WARN_DOCUMENTATION_COMMENTS = YES;
				CLANG_WARN_EMPTY_BODY = YES;
				CLANG_WARN_ENUM_CONVERSION = YES;
				CLANG_WARN_INFINITE_RECURSION = YES;
				CLANG_WARN_INT_CONVERSION = YES;
				CLANG_WARN_NON_LITERAL_NULL_CONVERSION = YES;
				CLANG_WARN_OBJC_IMPLICIT_RETAIN_SELF = YES;
				CLANG_WARN_OBJC_LITERAL_CONVERSION = YES;
				CLANG_WARN_OBJC_ROOT_CLASS = YES_ERROR;
				CLANG_WARN_QUOTED_INCLUDE_IN_FRAMEWORK_HEADER = YES;
				CLANG_WARN_RANGE_LOOP_ANALYSIS = YES;
				CLANG_WARN_STRICT_PROTOTYPES = YES;
				CLANG_WARN_SUSPICIOUS_MOVE = YES;
				CLANG_WARN_UNGUARDED_AVAILABILITY = YES_AGGRESSIVE;
				CLANG_WARN_UNREACHABLE_CODE = YES;
				CLANG_WARN__DUPLICATE_METHOD_MATCH = YES;
				COPY_PHASE_STRIP = NO;
				DEBUG_INFORMATION_FORMAT = dwarf;
				ENABLE_STRICT_OBJC_MSGSEND = YES;
				ENABLE_TESTABILITY = YES;
				GCC_C_LANGUAGE_STANDARD = gnu11;
				GCC_DYNAMIC_NO_PIC = NO;
				GCC_NO_COMMON_BLOCKS = YES;
				GCC_OPTIMIZATION_LEVEL = 0;
				GCC_PREPROCESSOR_DEFINITIONS = (
					"DEBUG=1",
					"$(inherited)",
				);
				GCC_WARN_64_TO_32_BIT_CONVERSION = YES;
				GCC_WARN_ABOUT_RETURN_TYPE = YES_ERROR;
				GCC_WARN_UNDECLARED_SELECTOR = YES;
				GCC_WARN_UNINITIALIZED_AUTOS = YES_AGGRESSIVE;
				GCC_WARN_UNUSED_FUNCTION = YES;
				GCC_WARN_UNUSED_VARIABLE = YES;
				IPHONEOS_DEPLOYMENT_TARGET = 16.4;
				MTL_ENABLE_DEBUG_INFO = INCLUDE_SOURCE;
				MTL_FAST_MATH = YES;
				ONLY_ACTIVE_ARCH = YES;
				SDKROOT = iphoneos;
				SWIFT_ACTIVE_COMPILATION_CONDITIONS = DEBUG;
				SWIFT_OPTIMIZATION_LEVEL = "-Onone";
			};
			name = Debug;
		};
		84688F872A3C021E0020C687 /* Release */ = {
			isa = XCBuildConfiguration;
			buildSettings = {
				ALWAYS_SEARCH_USER_PATHS = NO;
				CLANG_ANALYZER_NONNULL = YES;
				CLANG_ANALYZER_NUMBER_OBJECT_CONVERSION = YES_AGGRESSIVE;
				CLANG_CXX_LANGUAGE_STANDARD = "gnu++20";
				CLANG_ENABLE_MODULES = YES;
				CLANG_ENABLE_OBJC_ARC = YES;
				CLANG_ENABLE_OBJC_WEAK = YES;
				CLANG_WARN_BLOCK_CAPTURE_AUTORELEASING = YES;
				CLANG_WARN_BOOL_CONVERSION = YES;
				CLANG_WARN_COMMA = YES;
				CLANG_WARN_CONSTANT_CONVERSION = YES;
				CLANG_WARN_DEPRECATED_OBJC_IMPLEMENTATIONS = YES;
				CLANG_WARN_DIRECT_OBJC_ISA_USAGE = YES_ERROR;
				CLANG_WARN_DOCUMENTATION_COMMENTS = YES;
				CLANG_WARN_EMPTY_BODY = YES;
				CLANG_WARN_ENUM_CONVERSION = YES;
				CLANG_WARN_INFINITE_RECURSION = YES;
				CLANG_WARN_INT_CONVERSION = YES;
				CLANG_WARN_NON_LITERAL_NULL_CONVERSION = YES;
				CLANG_WARN_OBJC_IMPLICIT_RETAIN_SELF = YES;
				CLANG_WARN_OBJC_LITERAL_CONVERSION = YES;
				CLANG_WARN_OBJC_ROOT_CLASS = YES_ERROR;
				CLANG_WARN_QUOTED_INCLUDE_IN_FRAMEWORK_HEADER = YES;
				CLANG_WARN_RANGE_LOOP_ANALYSIS = YES;
				CLANG_WARN_STRICT_PROTOTYPES = YES;
				CLANG_WARN_SUSPICIOUS_MOVE = YES;
				CLANG_WARN_UNGUARDED_AVAILABILITY = YES_AGGRESSIVE;
				CLANG_WARN_UNREACHABLE_CODE = YES;
				CLANG_WARN__DUPLICATE_METHOD_MATCH = YES;
				COPY_PHASE_STRIP = NO;
				DEBUG_INFORMATION_FORMAT = "dwarf-with-dsym";
				ENABLE_NS_ASSERTIONS = NO;
				ENABLE_STRICT_OBJC_MSGSEND = YES;
				GCC_C_LANGUAGE_STANDARD = gnu11;
				GCC_NO_COMMON_BLOCKS = YES;
				GCC_WARN_64_TO_32_BIT_CONVERSION = YES;
				GCC_WARN_ABOUT_RETURN_TYPE = YES_ERROR;
				GCC_WARN_UNDECLARED_SELECTOR = YES;
				GCC_WARN_UNINITIALIZED_AUTOS = YES_AGGRESSIVE;
				GCC_WARN_UNUSED_FUNCTION = YES;
				GCC_WARN_UNUSED_VARIABLE = YES;
				IPHONEOS_DEPLOYMENT_TARGET = 16.4;
				MTL_ENABLE_DEBUG_INFO = NO;
				MTL_FAST_MATH = YES;
				SDKROOT = iphoneos;
				SWIFT_COMPILATION_MODE = wholemodule;
				SWIFT_OPTIMIZATION_LEVEL = "-O";
				VALIDATE_PRODUCT = YES;
			};
			name = Release;
		};
		84688F892A3C021E0020C687 /* Debug */ = {
			isa = XCBuildConfiguration;
			buildSettings = {
				ASSETCATALOG_COMPILER_APPICON_NAME = AppIcon;
				ASSETCATALOG_COMPILER_GLOBAL_ACCENT_COLOR_NAME = AccentColor;
				CODE_SIGN_STYLE = Automatic;
				CURRENT_PROJECT_VERSION = 1;
				DEVELOPMENT_ASSET_PATHS = "\"NavigatorDrawer/Preview Content\"";
				DEVELOPMENT_TEAM = XP3H66JF79;
				ENABLE_PREVIEWS = YES;
				GENERATE_INFOPLIST_FILE = YES;
				INFOPLIST_KEY_UIApplicationSceneManifest_Generation = YES;
				INFOPLIST_KEY_UIApplicationSupportsIndirectInputEvents = YES;
				INFOPLIST_KEY_UILaunchScreen_Generation = YES;
				INFOPLIST_KEY_UISupportedInterfaceOrientations_iPad = "UIInterfaceOrientationPortrait UIInterfaceOrientationPortraitUpsideDown UIInterfaceOrientationLandscapeLeft UIInterfaceOrientationLandscapeRight";
				INFOPLIST_KEY_UISupportedInterfaceOrientations_iPhone = "UIInterfaceOrientationPortrait UIInterfaceOrientationLandscapeLeft UIInterfaceOrientationLandscapeRight";
				LD_RUNPATH_SEARCH_PATHS = (
					"$(inherited)",
					"@executable_path/Frameworks",
				);
				MARKETING_VERSION = 1.0;
				PRODUCT_BUNDLE_IDENTIFIER = com.sidus.link.NavigatorDrawer;
				PRODUCT_NAME = "$(TARGET_NAME)";
				SWIFT_EMIT_LOC_STRINGS = YES;
				SWIFT_VERSION = 5.0;
				TARGETED_DEVICE_FAMILY = "1,2";
			};
			name = Debug;
		};
		84688F8A2A3C021E0020C687 /* Release */ = {
			isa = XCBuildConfiguration;
			buildSettings = {
				ASSETCATALOG_COMPILER_APPICON_NAME = AppIcon;
				ASSETCATALOG_COMPILER_GLOBAL_ACCENT_COLOR_NAME = AccentColor;
				CODE_SIGN_STYLE = Automatic;
				CURRENT_PROJECT_VERSION = 1;
				DEVELOPMENT_ASSET_PATHS = "\"NavigatorDrawer/Preview Content\"";
				DEVELOPMENT_TEAM = XP3H66JF79;
				ENABLE_PREVIEWS = YES;
				GENERATE_INFOPLIST_FILE = YES;
				INFOPLIST_KEY_UIApplicationSceneManifest_Generation = YES;
				INFOPLIST_KEY_UIApplicationSupportsIndirectInputEvents = YES;
				INFOPLIST_KEY_UILaunchScreen_Generation = YES;
				INFOPLIST_KEY_UISupportedInterfaceOrientations_iPad = "UIInterfaceOrientationPortrait UIInterfaceOrientationPortraitUpsideDown UIInterfaceOrientationLandscapeLeft UIInterfaceOrientationLandscapeRight";
				INFOPLIST_KEY_UISupportedInterfaceOrientations_iPhone = "UIInterfaceOrientationPortrait UIInterfaceOrientationLandscapeLeft UIInterfaceOrientationLandscapeRight";
				LD_RUNPATH_SEARCH_PATHS = (
					"$(inherited)",
					"@executable_path/Frameworks",
				);
				MARKETING_VERSION = 1.0;
				PRODUCT_BUNDLE_IDENTIFIER = com.sidus.link.NavigatorDrawer;
				PRODUCT_NAME = "$(TARGET_NAME)";
				SWIFT_EMIT_LOC_STRINGS = YES;
				SWIFT_VERSION = 5.0;
				TARGETED_DEVICE_FAMILY = "1,2";
			};
			name = Release;
		};
/* End XCBuildConfiguration section */

/* Begin XCConfigurationList section */
		84688F752A3C021B0020C687 /* Build configuration list for PBXProject "NavigatorDrawer" */ = {
			isa = XCConfigurationList;
			buildConfigurations = (
				84688F862A3C021E0020C687 /* Debug */,
				84688F872A3C021E0020C687 /* Release */,
			);
			defaultConfigurationIsVisible = 0;
			defaultConfigurationName = Release;
		};
		84688F882A3C021E0020C687 /* Build configuration list for PBXNativeTarget "NavigatorDrawer" */ = {
			isa = XCConfigurationList;
			buildConfigurations = (
				84688F892A3C021E0020C687 /* Debug */,
				84688F8A2A3C021E0020C687 /* Release */,
			);
			defaultConfigurationIsVisible = 0;
			defaultConfigurationName = Release;
		};
/* End XCConfigurationList section */
	};
	rootObject = 84688F722A3C021B0020C687 /* Project object */;
}
